PODS:
  - SoraUI (1.8.6):
    - SoraUI/AdaptiveDesign (= 1.8.6)
    - SoraUI/Animator (= 1.8.6)
    - SoraUI/Camera (= 1.8.6)
    - SoraUI/Controls (= 1.8.6)
    - SoraUI/DetailsView (= 1.8.6)
    - SoraUI/EmptyState (= 1.8.6)
    - SoraUI/LoadingView (= 1.8.6)
    - SoraUI/ModalInputPresentation (= 1.8.6)
    - SoraUI/PageLoader (= 1.8.6)
    - SoraUI/PinView (= 1.8.6)
    - SoraUI/Skrull (= 1.8.6)
  - SoraUI/AdaptiveDesign (1.8.6)
  - SoraUI/Animator (1.8.6)
  - SoraUI/Camera (1.8.6)
  - SoraUI/Controls (1.8.6)
  - SoraUI/DetailsView (1.8.6):
    - SoraUI/Controls
  - SoraUI/EmptyState (1.8.6):
    - SoraUI/Animator
  - SoraUI/LoadingView (1.8.6):
    - SoraUI/Controls
  - SoraUI/ModalInputPresentation (1.8.6):
    - SoraUI/Animator
  - SoraUI/PageLoader (1.8.6)
  - SoraUI/PinView (1.8.6):
    - SoraUI/Controls
  - SoraUI/Skrull (1.8.6)

DEPENDENCIES:
  - SoraUI (from `../`)

EXTERNAL SOURCES:
  SoraUI:
    :path: "../"

SPEC CHECKSUMS:
  SoraUI: 1b7f8cc1531bd55a359b8050db0a5f6441d82f03

PODFILE CHECKSUM: bb766dae3a5ddd7acf3a123997936163f86b09c0

COCOAPODS: 1.7.5
